// !$*UTF8*$!
{
	archiveVersion = 1;
	classes = {
	};
	objectVersion = 56;
	objects = {

/* Begin PBXBuildFile section */
		639C24029CBB1756AB3E52E7 /* Pods_TrackerTests.framework in Frameworks */ = {isa = PBXBuildFile; fileRef = 725B930BC84BCDC9C9FF44B6 /* Pods_TrackerTests.framework */; };
		740D5DD12C1E11D500523879 /* AppDelegate.swift in Sources */ = {isa = PBXBuildFile; fileRef = 740D5DD02C1E11D500523879 /* AppDelegate.swift */; };
		740D5DD32C1E11D500523879 /* SceneDelegate.swift in Sources */ = {isa = PBXBuildFile; fileRef = 740D5DD22C1E11D500523879 /* SceneDelegate.swift */; };
		740D5DDA2C1E11D800523879 /* Assets.xcassets in Resources */ = {isa = PBXBuildFile; fileRef = 740D5DD92C1E11D800523879 /* Assets.xcassets */; };
		740D5DDD2C1E11D800523879 /* LaunchScreen.storyboard in Resources */ = {isa = PBXBuildFile; fileRef = 740D5DDB2C1E11D800523879 /* LaunchScreen.storyboard */; };
		740D5DEB2C24960200523879 /* UILabel.swift in Sources */ = {isa = PBXBuildFile; fileRef = 740D5DEA2C24960200523879 /* UILabel.swift */; };
		740D5DED2C2497F700523879 /* UIImage.swift in Sources */ = {isa = PBXBuildFile; fileRef = 740D5DEC2C2497F700523879 /* UIImage.swift */; };
		740D5DEF2C24A80800523879 /* UITextField.swift in Sources */ = {isa = PBXBuildFile; fileRef = 740D5DEE2C24A80800523879 /* UITextField.swift */; };
		740D5DF12C24A98100523879 /* Date.swift in Sources */ = {isa = PBXBuildFile; fileRef = 740D5DF02C24A98100523879 /* Date.swift */; };
		740D5DF32C29C92E00523879 /* Tracker.swift in Sources */ = {isa = PBXBuildFile; fileRef = 740D5DF22C29C92D00523879 /* Tracker.swift */; };
		740D5DF52C29CACD00523879 /* Schedule.swift in Sources */ = {isa = PBXBuildFile; fileRef = 740D5DF42C29CACD00523879 /* Schedule.swift */; };
		740D5DF72C29E5B700523879 /* TrackerCategory.swift in Sources */ = {isa = PBXBuildFile; fileRef = 740D5DF62C29E5B700523879 /* TrackerCategory.swift */; };
		740D5DF92C29E5EF00523879 /* TrackerRecord.swift in Sources */ = {isa = PBXBuildFile; fileRef = 740D5DF82C29E5EF00523879 /* TrackerRecord.swift */; };
		740D5DFB2C29E64100523879 /* TrackerListCollectionViewCell.swift in Sources */ = {isa = PBXBuildFile; fileRef = 740D5DFA2C29E64100523879 /* TrackerListCollectionViewCell.swift */; };
		740D5DFD2C29E6A600523879 /* SupplementaryView.swift in Sources */ = {isa = PBXBuildFile; fileRef = 740D5DFC2C29E6A600523879 /* SupplementaryView.swift */; };
		740D5DFF2C29E78100523879 /* TrackerTypeViewController.swift in Sources */ = {isa = PBXBuildFile; fileRef = 740D5DFE2C29E78100523879 /* TrackerTypeViewController.swift */; };
		740D5E012C29E7B800523879 /* TrackerCardViewController.swift in Sources */ = {isa = PBXBuildFile; fileRef = 740D5E002C29E7B800523879 /* TrackerCardViewController.swift */; };
		740D5E032C29E7FE00523879 /* TrackerSheduleViewController.swift in Sources */ = {isa = PBXBuildFile; fileRef = 740D5E022C29E7FE00523879 /* TrackerSheduleViewController.swift */; };
		740D5E052C29E88F00523879 /* TrackersListViewController.swift in Sources */ = {isa = PBXBuildFile; fileRef = 740D5E042C29E88F00523879 /* TrackersListViewController.swift */; };
		740D5E072C29E8D800523879 /* StatisticsViewController.swift in Sources */ = {isa = PBXBuildFile; fileRef = 740D5E062C29E8D800523879 /* StatisticsViewController.swift */; };
		740D5E092C29EAD800523879 /* TabBarController.swift in Sources */ = {isa = PBXBuildFile; fileRef = 740D5E082C29EAD800523879 /* TabBarController.swift */; };
		7479AD0D2C302B420044773C /* TrackerStore.swift in Sources */ = {isa = PBXBuildFile; fileRef = 7479AD0C2C302B420044773C /* TrackerStore.swift */; };
		7479AD0F2C302B540044773C /* TrackerCategoryStore.swift in Sources */ = {isa = PBXBuildFile; fileRef = 7479AD0E2C302B540044773C /* TrackerCategoryStore.swift */; };
		7479AD112C302B6C0044773C /* TrackerRecordStore.swift in Sources */ = {isa = PBXBuildFile; fileRef = 7479AD102C302B6C0044773C /* TrackerRecordStore.swift */; };
		7479AD132C302B890044773C /* UIColorMarshalling.swift in Sources */ = {isa = PBXBuildFile; fileRef = 7479AD122C302B890044773C /* UIColorMarshalling.swift */; };
		7479AD152C302B9F0044773C /* DaysValueTransformer.swift in Sources */ = {isa = PBXBuildFile; fileRef = 7479AD142C302B9F0044773C /* DaysValueTransformer.swift */; };
		7479AD172C302BB10044773C /* UIColorValueTransformer.swift in Sources */ = {isa = PBXBuildFile; fileRef = 7479AD162C302BB10044773C /* UIColorValueTransformer.swift */; };
		7479AD1E2C302CB20044773C /* TrackerCardCollectionViewCell.swift in Sources */ = {isa = PBXBuildFile; fileRef = 7479AD1D2C302CB20044773C /* TrackerCardCollectionViewCell.swift */; };
		7479AD202C302CD30044773C /* TrackerCardCollectionViewSecondCell.swift in Sources */ = {isa = PBXBuildFile; fileRef = 7479AD1F2C302CD30044773C /* TrackerCardCollectionViewSecondCell.swift */; };
		7479AD222C302CED0044773C /* TrackerCategoryViewController.swift in Sources */ = {isa = PBXBuildFile; fileRef = 7479AD212C302CED0044773C /* TrackerCategoryViewController.swift */; };
		7479AD242C302D010044773C /* TrackerCategoryTableViewCell.swift in Sources */ = {isa = PBXBuildFile; fileRef = 7479AD232C302D010044773C /* TrackerCategoryTableViewCell.swift */; };
		7479AD262C302D1B0044773C /* TrackerCategoryNameViewController.swift in Sources */ = {isa = PBXBuildFile; fileRef = 7479AD252C302D1B0044773C /* TrackerCategoryNameViewController.swift */; };
		7479AD282C302D330044773C /* TrackerScheduleTableViewCell.swift in Sources */ = {isa = PBXBuildFile; fileRef = 7479AD272C302D330044773C /* TrackerScheduleTableViewCell.swift */; };
		7479AD2A2C30517E0044773C /* ScheduleTableViewCell.swift in Sources */ = {isa = PBXBuildFile; fileRef = 7479AD292C30517E0044773C /* ScheduleTableViewCell.swift */; };
		7479AD2C2C3051DA0044773C /* CategoryTableViewCell.swift in Sources */ = {isa = PBXBuildFile; fileRef = 7479AD2B2C3051DA0044773C /* CategoryTableViewCell.swift */; };
		7479AD2E2C3053C00044773C /* UIViewController.swift in Sources */ = {isa = PBXBuildFile; fileRef = 7479AD2D2C3053C00044773C /* UIViewController.swift */; };
		74A6B1A62C32B9BA003F3130 /* DataModel.xcdatamodeld in Sources */ = {isa = PBXBuildFile; fileRef = 74A6B1A42C32B9BA003F3130 /* DataModel.xcdatamodeld */; };
		74A6B1A82C34391F003F3130 /* OnboardingViewController.swift in Sources */ = {isa = PBXBuildFile; fileRef = 74A6B1A72C34391F003F3130 /* OnboardingViewController.swift */; };
		74A6B1AA2C343983003F3130 /* TrackerCategoryViewModel.swift in Sources */ = {isa = PBXBuildFile; fileRef = 74A6B1A92C343983003F3130 /* TrackerCategoryViewModel.swift */; };
		74A6B1AC2C343995003F3130 /* Observable.swift in Sources */ = {isa = PBXBuildFile; fileRef = 74A6B1AB2C343995003F3130 /* Observable.swift */; };
		74A6B1AE2C3439CA003F3130 /* UserDefaults.swift in Sources */ = {isa = PBXBuildFile; fileRef = 74A6B1AD2C3439CA003F3130 /* UserDefaults.swift */; };
		74A6B1D22C346CE1003F3130 /* Localizable.strings in Resources */ = {isa = PBXBuildFile; fileRef = 74A6B1D42C346CE1003F3130 /* Localizable.strings */; };
		74A6B1D92C346D0E003F3130 /* Localizable.stringsdict in Resources */ = {isa = PBXBuildFile; fileRef = 74A6B1DB2C346D0E003F3130 /* Localizable.stringsdict */; };
		74A6B1E02C346D33003F3130 /* InfoPlist.strings in Resources */ = {isa = PBXBuildFile; fileRef = 74A6B1E22C346D33003F3130 /* InfoPlist.strings */; };
		74D8B1822C3C7FA700CD1FC0 /* TrackerTests.swift in Sources */ = {isa = PBXBuildFile; fileRef = 74D8B1812C3C7FA700CD1FC0 /* TrackerTests.swift */; };
		74D8B18A2C3C805200CD1FC0 /* InlineSnapshotTesting in Frameworks */ = {isa = PBXBuildFile; productRef = 74D8B1892C3C805200CD1FC0 /* InlineSnapshotTesting */; };
		74D8B18C2C3C805200CD1FC0 /* SnapshotTesting in Frameworks */ = {isa = PBXBuildFile; productRef = 74D8B18B2C3C805200CD1FC0 /* SnapshotTesting */; };
		74D8B18E2C3C8F0200CD1FC0 /* XCTest.framework in Frameworks */ = {isa = PBXBuildFile; fileRef = 74D8B18D2C3C8F0200CD1FC0 /* XCTest.framework */; };
		74D8B1912C3D8D3E00CD1FC0 /* Analytics.swift in Sources */ = {isa = PBXBuildFile; fileRef = 74D8B1902C3D8D3E00CD1FC0 /* Analytics.swift */; };
		74D8B1932C3D901E00CD1FC0 /* UIColor.swift in Sources */ = {isa = PBXBuildFile; fileRef = 74D8B1922C3D901E00CD1FC0 /* UIColor.swift */; };
		74D8B1952C3D903600CD1FC0 /* UIView.swift in Sources */ = {isa = PBXBuildFile; fileRef = 74D8B1942C3D903600CD1FC0 /* UIView.swift */; };
		74D8B1972C3D904400CD1FC0 /* String.swift in Sources */ = {isa = PBXBuildFile; fileRef = 74D8B1962C3D904400CD1FC0 /* String.swift */; };
		74D8B1992C3D920E00CD1FC0 /* TrackersListViewModel.swift in Sources */ = {isa = PBXBuildFile; fileRef = 74D8B1982C3D920E00CD1FC0 /* TrackersListViewModel.swift */; };
		74D8B19B2C3D933500CD1FC0 /* TrackersFiltersViewController.swift in Sources */ = {isa = PBXBuildFile; fileRef = 74D8B19A2C3D933500CD1FC0 /* TrackersFiltersViewController.swift */; };
		74D8B19D2C3D95CA00CD1FC0 /* TrackerEditableCardViewController.swift in Sources */ = {isa = PBXBuildFile; fileRef = 74D8B19C2C3D95CA00CD1FC0 /* TrackerEditableCardViewController.swift */; };
		E963187B4D4B1F3203D49332 /* Pods_Tracker.framework in Frameworks */ = {isa = PBXBuildFile; fileRef = 66527C64135E178D6AD07F35 /* Pods_Tracker.framework */; };
/* End PBXBuildFile section */

/* Begin PBXContainerItemProxy section */
		74D8B1832C3C7FA700CD1FC0 /* PBXContainerItemProxy */ = {
			isa = PBXContainerItemProxy;
			containerPortal = 740D5DC52C1E11D500523879 /* Project object */;
			proxyType = 1;
			remoteGlobalIDString = 740D5DCC2C1E11D500523879;
			remoteInfo = Tracker;
		};
/* End PBXContainerItemProxy section */

/* Begin PBXFileReference section */
		66527C64135E178D6AD07F35 /* Pods_Tracker.framework */ = {isa = PBXFileReference; explicitFileType = wrapper.framework; includeInIndex = 0; path = Pods_Tracker.framework; sourceTree = BUILT_PRODUCTS_DIR; };
		6EF7A52D9B65B923FC38B8B4 /* Pods-Tracker.debug.xcconfig */ = {isa = PBXFileReference; includeInIndex = 1; lastKnownFileType = text.xcconfig; name = "Pods-Tracker.debug.xcconfig"; path = "Target Support Files/Pods-Tracker/Pods-Tracker.debug.xcconfig"; sourceTree = "<group>"; };
		725B930BC84BCDC9C9FF44B6 /* Pods_TrackerTests.framework */ = {isa = PBXFileReference; explicitFileType = wrapper.framework; includeInIndex = 0; path = Pods_TrackerTests.framework; sourceTree = BUILT_PRODUCTS_DIR; };
		740D5DCD2C1E11D500523879 /* Tracker.app */ = {isa = PBXFileReference; explicitFileType = wrapper.application; includeInIndex = 0; path = Tracker.app; sourceTree = BUILT_PRODUCTS_DIR; };
		740D5DD02C1E11D500523879 /* AppDelegate.swift */ = {isa = PBXFileReference; lastKnownFileType = sourcecode.swift; path = AppDelegate.swift; sourceTree = "<group>"; };
		740D5DD22C1E11D500523879 /* SceneDelegate.swift */ = {isa = PBXFileReference; lastKnownFileType = sourcecode.swift; path = SceneDelegate.swift; sourceTree = "<group>"; };
		740D5DD92C1E11D800523879 /* Assets.xcassets */ = {isa = PBXFileReference; lastKnownFileType = folder.assetcatalog; path = Assets.xcassets; sourceTree = "<group>"; };
		740D5DDC2C1E11D800523879 /* Base */ = {isa = PBXFileReference; lastKnownFileType = file.storyboard; name = Base; path = Base.lproj/LaunchScreen.storyboard; sourceTree = "<group>"; };
		740D5DDE2C1E11D800523879 /* Info.plist */ = {isa = PBXFileReference; lastKnownFileType = text.plist.xml; path = Info.plist; sourceTree = "<group>"; };
		740D5DEA2C24960200523879 /* UILabel.swift */ = {isa = PBXFileReference; lastKnownFileType = sourcecode.swift; path = UILabel.swift; sourceTree = "<group>"; };
		740D5DEC2C2497F700523879 /* UIImage.swift */ = {isa = PBXFileReference; lastKnownFileType = sourcecode.swift; path = UIImage.swift; sourceTree = "<group>"; };
		740D5DEE2C24A80800523879 /* UITextField.swift */ = {isa = PBXFileReference; lastKnownFileType = sourcecode.swift; path = UITextField.swift; sourceTree = "<group>"; };
		740D5DF02C24A98100523879 /* Date.swift */ = {isa = PBXFileReference; lastKnownFileType = sourcecode.swift; path = Date.swift; sourceTree = "<group>"; };
		740D5DF22C29C92D00523879 /* Tracker.swift */ = {isa = PBXFileReference; lastKnownFileType = sourcecode.swift; path = Tracker.swift; sourceTree = "<group>"; };
		740D5DF42C29CACD00523879 /* Schedule.swift */ = {isa = PBXFileReference; lastKnownFileType = sourcecode.swift; path = Schedule.swift; sourceTree = "<group>"; };
		740D5DF62C29E5B700523879 /* TrackerCategory.swift */ = {isa = PBXFileReference; lastKnownFileType = sourcecode.swift; path = TrackerCategory.swift; sourceTree = "<group>"; };
		740D5DF82C29E5EF00523879 /* TrackerRecord.swift */ = {isa = PBXFileReference; lastKnownFileType = sourcecode.swift; path = TrackerRecord.swift; sourceTree = "<group>"; };
		740D5DFA2C29E64100523879 /* TrackerListCollectionViewCell.swift */ = {isa = PBXFileReference; lastKnownFileType = sourcecode.swift; path = TrackerListCollectionViewCell.swift; sourceTree = "<group>"; };
		740D5DFC2C29E6A600523879 /* SupplementaryView.swift */ = {isa = PBXFileReference; lastKnownFileType = sourcecode.swift; path = SupplementaryView.swift; sourceTree = "<group>"; };
		740D5DFE2C29E78100523879 /* TrackerTypeViewController.swift */ = {isa = PBXFileReference; lastKnownFileType = sourcecode.swift; path = TrackerTypeViewController.swift; sourceTree = "<group>"; };
		740D5E002C29E7B800523879 /* TrackerCardViewController.swift */ = {isa = PBXFileReference; lastKnownFileType = sourcecode.swift; path = TrackerCardViewController.swift; sourceTree = "<group>"; };
		740D5E022C29E7FE00523879 /* TrackerSheduleViewController.swift */ = {isa = PBXFileReference; lastKnownFileType = sourcecode.swift; path = TrackerSheduleViewController.swift; sourceTree = "<group>"; };
		740D5E042C29E88F00523879 /* TrackersListViewController.swift */ = {isa = PBXFileReference; lastKnownFileType = sourcecode.swift; path = TrackersListViewController.swift; sourceTree = "<group>"; };
		740D5E062C29E8D800523879 /* StatisticsViewController.swift */ = {isa = PBXFileReference; lastKnownFileType = sourcecode.swift; path = StatisticsViewController.swift; sourceTree = "<group>"; };
		740D5E082C29EAD800523879 /* TabBarController.swift */ = {isa = PBXFileReference; lastKnownFileType = sourcecode.swift; path = TabBarController.swift; sourceTree = "<group>"; };
		7479AD0C2C302B420044773C /* TrackerStore.swift */ = {isa = PBXFileReference; lastKnownFileType = sourcecode.swift; path = TrackerStore.swift; sourceTree = "<group>"; };
		7479AD0E2C302B540044773C /* TrackerCategoryStore.swift */ = {isa = PBXFileReference; lastKnownFileType = sourcecode.swift; path = TrackerCategoryStore.swift; sourceTree = "<group>"; };
		7479AD102C302B6C0044773C /* TrackerRecordStore.swift */ = {isa = PBXFileReference; lastKnownFileType = sourcecode.swift; path = TrackerRecordStore.swift; sourceTree = "<group>"; };
		7479AD122C302B890044773C /* UIColorMarshalling.swift */ = {isa = PBXFileReference; lastKnownFileType = sourcecode.swift; path = UIColorMarshalling.swift; sourceTree = "<group>"; };
		7479AD142C302B9F0044773C /* DaysValueTransformer.swift */ = {isa = PBXFileReference; lastKnownFileType = sourcecode.swift; path = DaysValueTransformer.swift; sourceTree = "<group>"; };
		7479AD162C302BB10044773C /* UIColorValueTransformer.swift */ = {isa = PBXFileReference; lastKnownFileType = sourcecode.swift; path = UIColorValueTransformer.swift; sourceTree = "<group>"; };
		7479AD1D2C302CB20044773C /* TrackerCardCollectionViewCell.swift */ = {isa = PBXFileReference; lastKnownFileType = sourcecode.swift; path = TrackerCardCollectionViewCell.swift; sourceTree = "<group>"; };
		7479AD1F2C302CD30044773C /* TrackerCardCollectionViewSecondCell.swift */ = {isa = PBXFileReference; lastKnownFileType = sourcecode.swift; path = TrackerCardCollectionViewSecondCell.swift; sourceTree = "<group>"; };
		7479AD212C302CED0044773C /* TrackerCategoryViewController.swift */ = {isa = PBXFileReference; lastKnownFileType = sourcecode.swift; path = TrackerCategoryViewController.swift; sourceTree = "<group>"; };
		7479AD232C302D010044773C /* TrackerCategoryTableViewCell.swift */ = {isa = PBXFileReference; lastKnownFileType = sourcecode.swift; path = TrackerCategoryTableViewCell.swift; sourceTree = "<group>"; };
		7479AD252C302D1B0044773C /* TrackerCategoryNameViewController.swift */ = {isa = PBXFileReference; lastKnownFileType = sourcecode.swift; path = TrackerCategoryNameViewController.swift; sourceTree = "<group>"; };
		7479AD272C302D330044773C /* TrackerScheduleTableViewCell.swift */ = {isa = PBXFileReference; lastKnownFileType = sourcecode.swift; path = TrackerScheduleTableViewCell.swift; sourceTree = "<group>"; };
		7479AD292C30517E0044773C /* ScheduleTableViewCell.swift */ = {isa = PBXFileReference; lastKnownFileType = sourcecode.swift; path = ScheduleTableViewCell.swift; sourceTree = "<group>"; };
		7479AD2B2C3051DA0044773C /* CategoryTableViewCell.swift */ = {isa = PBXFileReference; lastKnownFileType = sourcecode.swift; path = CategoryTableViewCell.swift; sourceTree = "<group>"; };
		7479AD2D2C3053C00044773C /* UIViewController.swift */ = {isa = PBXFileReference; lastKnownFileType = sourcecode.swift; path = UIViewController.swift; sourceTree = "<group>"; };
		74A6B1A52C32B9BA003F3130 /* DataModel.xcdatamodel */ = {isa = PBXFileReference; lastKnownFileType = wrapper.xcdatamodel; path = DataModel.xcdatamodel; sourceTree = "<group>"; };
		74A6B1A72C34391F003F3130 /* OnboardingViewController.swift */ = {isa = PBXFileReference; lastKnownFileType = sourcecode.swift; path = OnboardingViewController.swift; sourceTree = "<group>"; };
		74A6B1A92C343983003F3130 /* TrackerCategoryViewModel.swift */ = {isa = PBXFileReference; lastKnownFileType = sourcecode.swift; path = TrackerCategoryViewModel.swift; sourceTree = "<group>"; };
		74A6B1AB2C343995003F3130 /* Observable.swift */ = {isa = PBXFileReference; lastKnownFileType = sourcecode.swift; path = Observable.swift; sourceTree = "<group>"; };
		74A6B1AD2C3439CA003F3130 /* UserDefaults.swift */ = {isa = PBXFileReference; lastKnownFileType = sourcecode.swift; path = UserDefaults.swift; sourceTree = "<group>"; };
		74A6B1D32C346CE1003F3130 /* en */ = {isa = PBXFileReference; lastKnownFileType = text.plist.strings; name = en; path = en.lproj/Localizable.strings; sourceTree = "<group>"; };
		74A6B1D52C346CE7003F3130 /* ar */ = {isa = PBXFileReference; lastKnownFileType = text.plist.strings; name = ar; path = ar.lproj/Localizable.strings; sourceTree = "<group>"; };
		74A6B1D62C346CE8003F3130 /* ru */ = {isa = PBXFileReference; lastKnownFileType = text.plist.strings; name = ru; path = ru.lproj/Localizable.strings; sourceTree = "<group>"; };
		74A6B1DA2C346D0E003F3130 /* en */ = {isa = PBXFileReference; lastKnownFileType = text.plist.stringsdict; name = en; path = en.lproj/Localizable.stringsdict; sourceTree = "<group>"; };
		74A6B1DC2C346D12003F3130 /* ar */ = {isa = PBXFileReference; lastKnownFileType = text.plist.stringsdict; name = ar; path = ar.lproj/Localizable.stringsdict; sourceTree = "<group>"; };
		74A6B1DD2C346D13003F3130 /* ru */ = {isa = PBXFileReference; lastKnownFileType = text.plist.stringsdict; name = ru; path = ru.lproj/Localizable.stringsdict; sourceTree = "<group>"; };
		74A6B1E12C346D33003F3130 /* en */ = {isa = PBXFileReference; lastKnownFileType = text.plist.strings; name = en; path = en.lproj/InfoPlist.strings; sourceTree = "<group>"; };
		74A6B1E32C346D37003F3130 /* ar */ = {isa = PBXFileReference; lastKnownFileType = text.plist.strings; name = ar; path = ar.lproj/InfoPlist.strings; sourceTree = "<group>"; };
		74A6B1E42C346D37003F3130 /* ru */ = {isa = PBXFileReference; lastKnownFileType = text.plist.strings; name = ru; path = ru.lproj/InfoPlist.strings; sourceTree = "<group>"; };
		74D8B17F2C3C7FA700CD1FC0 /* TrackerTests.xctest */ = {isa = PBXFileReference; explicitFileType = wrapper.cfbundle; includeInIndex = 0; path = TrackerTests.xctest; sourceTree = BUILT_PRODUCTS_DIR; };
		74D8B1812C3C7FA700CD1FC0 /* TrackerTests.swift */ = {isa = PBXFileReference; lastKnownFileType = sourcecode.swift; path = TrackerTests.swift; sourceTree = "<group>"; };
		74D8B18D2C3C8F0200CD1FC0 /* XCTest.framework */ = {isa = PBXFileReference; lastKnownFileType = wrapper.framework; name = XCTest.framework; path = Platforms/iPhoneOS.platform/Developer/Library/Frameworks/XCTest.framework; sourceTree = DEVELOPER_DIR; };
		74D8B1902C3D8D3E00CD1FC0 /* Analytics.swift */ = {isa = PBXFileReference; lastKnownFileType = sourcecode.swift; path = Analytics.swift; sourceTree = "<group>"; };
		74D8B1922C3D901E00CD1FC0 /* UIColor.swift */ = {isa = PBXFileReference; lastKnownFileType = sourcecode.swift; path = UIColor.swift; sourceTree = "<group>"; };
		74D8B1942C3D903600CD1FC0 /* UIView.swift */ = {isa = PBXFileReference; lastKnownFileType = sourcecode.swift; path = UIView.swift; sourceTree = "<group>"; };
		74D8B1962C3D904400CD1FC0 /* String.swift */ = {isa = PBXFileReference; lastKnownFileType = sourcecode.swift; path = String.swift; sourceTree = "<group>"; };
		74D8B1982C3D920E00CD1FC0 /* TrackersListViewModel.swift */ = {isa = PBXFileReference; lastKnownFileType = sourcecode.swift; path = TrackersListViewModel.swift; sourceTree = "<group>"; };
		74D8B19A2C3D933500CD1FC0 /* TrackersFiltersViewController.swift */ = {isa = PBXFileReference; lastKnownFileType = sourcecode.swift; path = TrackersFiltersViewController.swift; sourceTree = "<group>"; };
		74D8B19C2C3D95CA00CD1FC0 /* TrackerEditableCardViewController.swift */ = {isa = PBXFileReference; lastKnownFileType = sourcecode.swift; path = TrackerEditableCardViewController.swift; sourceTree = "<group>"; };
		8B07201BEA11C195B56E72B7 /* Pods-TrackerTests.debug.xcconfig */ = {isa = PBXFileReference; includeInIndex = 1; lastKnownFileType = text.xcconfig; name = "Pods-TrackerTests.debug.xcconfig"; path = "Target Support Files/Pods-TrackerTests/Pods-TrackerTests.debug.xcconfig"; sourceTree = "<group>"; };
		E03A88DEC0E3B86689C289FF /* Pods-Tracker.release.xcconfig */ = {isa = PBXFileReference; includeInIndex = 1; lastKnownFileType = text.xcconfig; name = "Pods-Tracker.release.xcconfig"; path = "Target Support Files/Pods-Tracker/Pods-Tracker.release.xcconfig"; sourceTree = "<group>"; };
		EB699F370116471E289C97F3 /* Pods-TrackerTests.release.xcconfig */ = {isa = PBXFileReference; includeInIndex = 1; lastKnownFileType = text.xcconfig; name = "Pods-TrackerTests.release.xcconfig"; path = "Target Support Files/Pods-TrackerTests/Pods-TrackerTests.release.xcconfig"; sourceTree = "<group>"; };
/* End PBXFileReference section */

/* Begin PBXFrameworksBuildPhase section */
		740D5DCA2C1E11D500523879 /* Frameworks */ = {
			isa = PBXFrameworksBuildPhase;
			buildActionMask = 2147483647;
			files = (
				74D8B18E2C3C8F0200CD1FC0 /* XCTest.framework in Frameworks */,
				74D8B18A2C3C805200CD1FC0 /* InlineSnapshotTesting in Frameworks */,
				74D8B18C2C3C805200CD1FC0 /* SnapshotTesting in Frameworks */,
				E963187B4D4B1F3203D49332 /* Pods_Tracker.framework in Frameworks */,
			);
			runOnlyForDeploymentPostprocessing = 0;
		};
		74D8B17C2C3C7FA700CD1FC0 /* Frameworks */ = {
			isa = PBXFrameworksBuildPhase;
			buildActionMask = 2147483647;
			files = (
				639C24029CBB1756AB3E52E7 /* Pods_TrackerTests.framework in Frameworks */,
			);
			runOnlyForDeploymentPostprocessing = 0;
		};
/* End PBXFrameworksBuildPhase section */

/* Begin PBXGroup section */
		1D9723068B8AB04E174B78C0 /* Frameworks */ = {
			isa = PBXGroup;
			children = (
				74D8B18D2C3C8F0200CD1FC0 /* XCTest.framework */,
				66527C64135E178D6AD07F35 /* Pods_Tracker.framework */,
				725B930BC84BCDC9C9FF44B6 /* Pods_TrackerTests.framework */,
			);
			name = Frameworks;
			sourceTree = "<group>";
		};
		740D5DC42C1E11D500523879 = {
			isa = PBXGroup;
			children = (
				740D5DCF2C1E11D500523879 /* Tracker */,
				74D8B1802C3C7FA700CD1FC0 /* TrackerTests */,
				740D5DCE2C1E11D500523879 /* Products */,
				87149AE0C780F50EF94C05DF /* Pods */,
				1D9723068B8AB04E174B78C0 /* Frameworks */,
			);
			sourceTree = "<group>";
		};
		740D5DCE2C1E11D500523879 /* Products */ = {
			isa = PBXGroup;
			children = (
				740D5DCD2C1E11D500523879 /* Tracker.app */,
				74D8B17F2C3C7FA700CD1FC0 /* TrackerTests.xctest */,
			);
			name = Products;
			sourceTree = "<group>";
		};
		740D5DCF2C1E11D500523879 /* Tracker */ = {
			isa = PBXGroup;
			children = (
				74D8B18F2C3D8D1F00CD1FC0 /* Analytics */,
				740D5E082C29EAD800523879 /* TabBarController.swift */,
				740D5DD02C1E11D500523879 /* AppDelegate.swift */,
				740D5DD22C1E11D500523879 /* SceneDelegate.swift */,
				74A6B1A72C34391F003F3130 /* OnboardingViewController.swift */,
				7479AD012C2F50BE0044773C /* CoreData */,
				740D5DE52C248C9300523879 /* TrackersList */,
				740D5DE62C248CA600523879 /* TrackerCreation */,
				740D5DE42C248C7E00523879 /* Statistics */,
				740D5DE82C248CD000523879 /* ViewModels */,
				740D5DE92C248CE500523879 /* Extensions */,
				74A6B1CD2C343B65003F3130 /* Resources */,
				740D5DD92C1E11D800523879 /* Assets.xcassets */,
				740D5DDB2C1E11D800523879 /* LaunchScreen.storyboard */,
				740D5DDE2C1E11D800523879 /* Info.plist */,
			);
			path = Tracker;
			sourceTree = "<group>";
		};
		740D5DE42C248C7E00523879 /* Statistics */ = {
			isa = PBXGroup;
			children = (
				740D5E062C29E8D800523879 /* StatisticsViewController.swift */,
			);
			path = Statistics;
			sourceTree = "<group>";
		};
		740D5DE52C248C9300523879 /* TrackersList */ = {
			isa = PBXGroup;
			children = (
				740D5E042C29E88F00523879 /* TrackersListViewController.swift */,
				74D8B1982C3D920E00CD1FC0 /* TrackersListViewModel.swift */,
				74D8B19A2C3D933500CD1FC0 /* TrackersFiltersViewController.swift */,
				7479AD022C2F515F0044773C /* CollectionView */,
			);
			path = TrackersList;
			sourceTree = "<group>";
		};
		740D5DE62C248CA600523879 /* TrackerCreation */ = {
			isa = PBXGroup;
			children = (
				7479AD182C302C280044773C /* TypeView */,
				7479AD192C302C320044773C /* CardView */,
				7479AD1A2C302C3E0044773C /* CategoryView */,
				7479AD1B2C302C4D0044773C /* ScheduleView */,
			);
			path = TrackerCreation;
			sourceTree = "<group>";
		};
		740D5DE82C248CD000523879 /* ViewModels */ = {
			isa = PBXGroup;
			children = (
				740D5DF22C29C92D00523879 /* Tracker.swift */,
				740D5DF62C29E5B700523879 /* TrackerCategory.swift */,
				740D5DF82C29E5EF00523879 /* TrackerRecord.swift */,
				740D5DF42C29CACD00523879 /* Schedule.swift */,
				7479AD292C30517E0044773C /* ScheduleTableViewCell.swift */,
				7479AD2B2C3051DA0044773C /* CategoryTableViewCell.swift */,
			);
			path = ViewModels;
			sourceTree = "<group>";
		};
		740D5DE92C248CE500523879 /* Extensions */ = {
			isa = PBXGroup;
			children = (
				740D5DEA2C24960200523879 /* UILabel.swift */,
				740D5DEC2C2497F700523879 /* UIImage.swift */,
				740D5DEE2C24A80800523879 /* UITextField.swift */,
				740D5DF02C24A98100523879 /* Date.swift */,
				7479AD2D2C3053C00044773C /* UIViewController.swift */,
				74A6B1AD2C3439CA003F3130 /* UserDefaults.swift */,
				74D8B1922C3D901E00CD1FC0 /* UIColor.swift */,
				74D8B1942C3D903600CD1FC0 /* UIView.swift */,
				74D8B1962C3D904400CD1FC0 /* String.swift */,
			);
			path = Extensions;
			sourceTree = "<group>";
		};
		7479AD012C2F50BE0044773C /* CoreData */ = {
			isa = PBXGroup;
			children = (
				74A6B1A42C32B9BA003F3130 /* DataModel.xcdatamodeld */,
				7479AD0B2C302B280044773C /* Transformers */,
				7479AD0A2C302B200044773C /* Stores */,
			);
			path = CoreData;
			sourceTree = "<group>";
		};
		7479AD022C2F515F0044773C /* CollectionView */ = {
			isa = PBXGroup;
			children = (
				740D5DFA2C29E64100523879 /* TrackerListCollectionViewCell.swift */,
				740D5DFC2C29E6A600523879 /* SupplementaryView.swift */,
			);
			path = CollectionView;
			sourceTree = "<group>";
		};
		7479AD0A2C302B200044773C /* Stores */ = {
			isa = PBXGroup;
			children = (
				7479AD0C2C302B420044773C /* TrackerStore.swift */,
				7479AD0E2C302B540044773C /* TrackerCategoryStore.swift */,
				7479AD102C302B6C0044773C /* TrackerRecordStore.swift */,
				7479AD122C302B890044773C /* UIColorMarshalling.swift */,
			);
			path = Stores;
			sourceTree = "<group>";
		};
		7479AD0B2C302B280044773C /* Transformers */ = {
			isa = PBXGroup;
			children = (
				7479AD142C302B9F0044773C /* DaysValueTransformer.swift */,
				7479AD162C302BB10044773C /* UIColorValueTransformer.swift */,
			);
			path = Transformers;
			sourceTree = "<group>";
		};
		7479AD182C302C280044773C /* TypeView */ = {
			isa = PBXGroup;
			children = (
				740D5DFE2C29E78100523879 /* TrackerTypeViewController.swift */,
			);
			path = TypeView;
			sourceTree = "<group>";
		};
		7479AD192C302C320044773C /* CardView */ = {
			isa = PBXGroup;
			children = (
				740D5E002C29E7B800523879 /* TrackerCardViewController.swift */,
				74D8B19C2C3D95CA00CD1FC0 /* TrackerEditableCardViewController.swift */,
				7479AD1C2C302C8F0044773C /* CollectionView */,
			);
			path = CardView;
			sourceTree = "<group>";
		};
		7479AD1A2C302C3E0044773C /* CategoryView */ = {
			isa = PBXGroup;
			children = (
				7479AD212C302CED0044773C /* TrackerCategoryViewController.swift */,
				7479AD232C302D010044773C /* TrackerCategoryTableViewCell.swift */,
				7479AD252C302D1B0044773C /* TrackerCategoryNameViewController.swift */,
				74A6B1A92C343983003F3130 /* TrackerCategoryViewModel.swift */,
				74A6B1AB2C343995003F3130 /* Observable.swift */,
			);
			path = CategoryView;
			sourceTree = "<group>";
		};
		7479AD1B2C302C4D0044773C /* ScheduleView */ = {
			isa = PBXGroup;
			children = (
				740D5E022C29E7FE00523879 /* TrackerSheduleViewController.swift */,
				7479AD272C302D330044773C /* TrackerScheduleTableViewCell.swift */,
			);
			path = ScheduleView;
			sourceTree = "<group>";
		};
		7479AD1C2C302C8F0044773C /* CollectionView */ = {
			isa = PBXGroup;
			children = (
				7479AD1D2C302CB20044773C /* TrackerCardCollectionViewCell.swift */,
				7479AD1F2C302CD30044773C /* TrackerCardCollectionViewSecondCell.swift */,
			);
			path = CollectionView;
			sourceTree = "<group>";
		};
		74A6B1CD2C343B65003F3130 /* Resources */ = {
			isa = PBXGroup;
			children = (
				74A6B1D42C346CE1003F3130 /* Localizable.strings */,
				74A6B1DB2C346D0E003F3130 /* Localizable.stringsdict */,
				74A6B1E22C346D33003F3130 /* InfoPlist.strings */,
			);
			path = Resources;
			sourceTree = "<group>";
		};
		74D8B1802C3C7FA700CD1FC0 /* TrackerTests */ = {
			isa = PBXGroup;
			children = (
				74D8B1812C3C7FA700CD1FC0 /* TrackerTests.swift */,
			);
			path = TrackerTests;
			sourceTree = "<group>";
		};
		74D8B18F2C3D8D1F00CD1FC0 /* Analytics */ = {
			isa = PBXGroup;
			children = (
				74D8B1902C3D8D3E00CD1FC0 /* Analytics.swift */,
			);
			path = Analytics;
			sourceTree = "<group>";
		};
		87149AE0C780F50EF94C05DF /* Pods */ = {
			isa = PBXGroup;
			children = (
				6EF7A52D9B65B923FC38B8B4 /* Pods-Tracker.debug.xcconfig */,
				E03A88DEC0E3B86689C289FF /* Pods-Tracker.release.xcconfig */,
				8B07201BEA11C195B56E72B7 /* Pods-TrackerTests.debug.xcconfig */,
				EB699F370116471E289C97F3 /* Pods-TrackerTests.release.xcconfig */,
			);
			path = Pods;
			sourceTree = "<group>";
		};
/* End PBXGroup section */

/* Begin PBXNativeTarget section */
		740D5DCC2C1E11D500523879 /* Tracker */ = {
			isa = PBXNativeTarget;
			buildConfigurationList = 740D5DE12C1E11D800523879 /* Build configuration list for PBXNativeTarget "Tracker" */;
			buildPhases = (
				752342EE68F4A142317EE114 /* [CP] Check Pods Manifest.lock */,
				740D5DC92C1E11D500523879 /* Sources */,
				740D5DCA2C1E11D500523879 /* Frameworks */,
				740D5DCB2C1E11D500523879 /* Resources */,
				F4887610AF56EF960BB82225 /* [CP] Embed Pods Frameworks */,
			);
			buildRules = (
			);
			dependencies = (
			);
			name = Tracker;
			packageProductDependencies = (
				74D8B1892C3C805200CD1FC0 /* InlineSnapshotTesting */,
				74D8B18B2C3C805200CD1FC0 /* SnapshotTesting */,
			);
			productName = Tracker;
			productReference = 740D5DCD2C1E11D500523879 /* Tracker.app */;
			productType = "com.apple.product-type.application";
		};
		74D8B17E2C3C7FA700CD1FC0 /* TrackerTests */ = {
			isa = PBXNativeTarget;
			buildConfigurationList = 74D8B1852C3C7FA700CD1FC0 /* Build configuration list for PBXNativeTarget "TrackerTests" */;
			buildPhases = (
				F8AECA5CD36BB7D50E86BAFD /* [CP] Check Pods Manifest.lock */,
				74D8B17B2C3C7FA700CD1FC0 /* Sources */,
				74D8B17C2C3C7FA700CD1FC0 /* Frameworks */,
				74D8B17D2C3C7FA700CD1FC0 /* Resources */,
			);
			buildRules = (
			);
			dependencies = (
				74D8B1842C3C7FA700CD1FC0 /* PBXTargetDependency */,
			);
			name = TrackerTests;
			productName = TrackerTests;
			productReference = 74D8B17F2C3C7FA700CD1FC0 /* TrackerTests.xctest */;
			productType = "com.apple.product-type.bundle.unit-test";
		};
/* End PBXNativeTarget section */

/* Begin PBXProject section */
		740D5DC52C1E11D500523879 /* Project object */ = {
			isa = PBXProject;
			attributes = {
				BuildIndependentTargetsInParallel = 1;
				LastSwiftUpdateCheck = 1420;
				LastUpgradeCheck = 1420;
				TargetAttributes = {
					740D5DCC2C1E11D500523879 = {
						CreatedOnToolsVersion = 14.2;
					};
					74D8B17E2C3C7FA700CD1FC0 = {
						CreatedOnToolsVersion = 14.2;
						TestTargetID = 740D5DCC2C1E11D500523879;
					};
				};
			};
			buildConfigurationList = 740D5DC82C1E11D500523879 /* Build configuration list for PBXProject "Tracker" */;
			compatibilityVersion = "Xcode 14.0";
			developmentRegion = en;
			hasScannedForEncodings = 0;
			knownRegions = (
				en,
				Base,
				ar,
				ru,
			);
			mainGroup = 740D5DC42C1E11D500523879;
			packageReferences = (
				74D8B1882C3C805200CD1FC0 /* XCRemoteSwiftPackageReference "swift-snapshot-testing" */,
			);
			productRefGroup = 740D5DCE2C1E11D500523879 /* Products */;
			projectDirPath = "";
			projectRoot = "";
			targets = (
				740D5DCC2C1E11D500523879 /* Tracker */,
				74D8B17E2C3C7FA700CD1FC0 /* TrackerTests */,
			);
		};
/* End PBXProject section */

/* Begin PBXResourcesBuildPhase section */
		740D5DCB2C1E11D500523879 /* Resources */ = {
			isa = PBXResourcesBuildPhase;
			buildActionMask = 2147483647;
			files = (
				740D5DDD2C1E11D800523879 /* LaunchScreen.storyboard in Resources */,
				74A6B1D92C346D0E003F3130 /* Localizable.stringsdict in Resources */,
				74A6B1D22C346CE1003F3130 /* Localizable.strings in Resources */,
				740D5DDA2C1E11D800523879 /* Assets.xcassets in Resources */,
				74A6B1E02C346D33003F3130 /* InfoPlist.strings in Resources */,
			);
			runOnlyForDeploymentPostprocessing = 0;
		};
		74D8B17D2C3C7FA700CD1FC0 /* Resources */ = {
			isa = PBXResourcesBuildPhase;
			buildActionMask = 2147483647;
			files = (
			);
			runOnlyForDeploymentPostprocessing = 0;
		};
/* End PBXResourcesBuildPhase section */

/* Begin PBXShellScriptBuildPhase section */
		752342EE68F4A142317EE114 /* [CP] Check Pods Manifest.lock */ = {
			isa = PBXShellScriptBuildPhase;
			buildActionMask = 2147483647;
			files = (
			);
			inputFileListPaths = (
			);
			inputPaths = (
				"${PODS_PODFILE_DIR_PATH}/Podfile.lock",
				"${PODS_ROOT}/Manifest.lock",
			);
			name = "[CP] Check Pods Manifest.lock";
			outputFileListPaths = (
			);
			outputPaths = (
				"$(DERIVED_FILE_DIR)/Pods-Tracker-checkManifestLockResult.txt",
			);
			runOnlyForDeploymentPostprocessing = 0;
			shellPath = /bin/sh;
			shellScript = "diff \"${PODS_PODFILE_DIR_PATH}/Podfile.lock\" \"${PODS_ROOT}/Manifest.lock\" > /dev/null\nif [ $? != 0 ] ; then\n    # print error to STDERR\n    echo \"error: The sandbox is not in sync with the Podfile.lock. Run 'pod install' or update your CocoaPods installation.\" >&2\n    exit 1\nfi\n# This output is used by Xcode 'outputs' to avoid re-running this script phase.\necho \"SUCCESS\" > \"${SCRIPT_OUTPUT_FILE_0}\"\n";
			showEnvVarsInLog = 0;
		};
		F4887610AF56EF960BB82225 /* [CP] Embed Pods Frameworks */ = {
			isa = PBXShellScriptBuildPhase;
			buildActionMask = 2147483647;
			files = (
			);
			inputFileListPaths = (
				"${PODS_ROOT}/Target Support Files/Pods-Tracker/Pods-Tracker-frameworks-${CONFIGURATION}-input-files.xcfilelist",
			);
			name = "[CP] Embed Pods Frameworks";
			outputFileListPaths = (
				"${PODS_ROOT}/Target Support Files/Pods-Tracker/Pods-Tracker-frameworks-${CONFIGURATION}-output-files.xcfilelist",
			);
			runOnlyForDeploymentPostprocessing = 0;
			shellPath = /bin/sh;
			shellScript = "\"${PODS_ROOT}/Target Support Files/Pods-Tracker/Pods-Tracker-frameworks.sh\"\n";
			showEnvVarsInLog = 0;
		};
		F8AECA5CD36BB7D50E86BAFD /* [CP] Check Pods Manifest.lock */ = {
			isa = PBXShellScriptBuildPhase;
			buildActionMask = 2147483647;
			files = (
			);
			inputFileListPaths = (
			);
			inputPaths = (
				"${PODS_PODFILE_DIR_PATH}/Podfile.lock",
				"${PODS_ROOT}/Manifest.lock",
			);
			name = "[CP] Check Pods Manifest.lock";
			outputFileListPaths = (
			);
			outputPaths = (
				"$(DERIVED_FILE_DIR)/Pods-TrackerTests-checkManifestLockResult.txt",
			);
			runOnlyForDeploymentPostprocessing = 0;
			shellPath = /bin/sh;
			shellScript = "diff \"${PODS_PODFILE_DIR_PATH}/Podfile.lock\" \"${PODS_ROOT}/Manifest.lock\" > /dev/null\nif [ $? != 0 ] ; then\n    # print error to STDERR\n    echo \"error: The sandbox is not in sync with the Podfile.lock. Run 'pod install' or update your CocoaPods installation.\" >&2\n    exit 1\nfi\n# This output is used by Xcode 'outputs' to avoid re-running this script phase.\necho \"SUCCESS\" > \"${SCRIPT_OUTPUT_FILE_0}\"\n";
			showEnvVarsInLog = 0;
		};
/* End PBXShellScriptBuildPhase section */

/* Begin PBXSourcesBuildPhase section */
		740D5DC92C1E11D500523879 /* Sources */ = {
			isa = PBXSourcesBuildPhase;
			buildActionMask = 2147483647;
			files = (
				7479AD242C302D010044773C /* TrackerCategoryTableViewCell.swift in Sources */,
				7479AD132C302B890044773C /* UIColorMarshalling.swift in Sources */,
				740D5DF72C29E5B700523879 /* TrackerCategory.swift in Sources */,
				740D5DD12C1E11D500523879 /* AppDelegate.swift in Sources */,
				7479AD282C302D330044773C /* TrackerScheduleTableViewCell.swift in Sources */,
				7479AD2A2C30517E0044773C /* ScheduleTableViewCell.swift in Sources */,
				740D5DF12C24A98100523879 /* Date.swift in Sources */,
				74A6B1AA2C343983003F3130 /* TrackerCategoryViewModel.swift in Sources */,
				7479AD2E2C3053C00044773C /* UIViewController.swift in Sources */,
				740D5E092C29EAD800523879 /* TabBarController.swift in Sources */,
				7479AD0D2C302B420044773C /* TrackerStore.swift in Sources */,
				74D8B1952C3D903600CD1FC0 /* UIView.swift in Sources */,
				7479AD202C302CD30044773C /* TrackerCardCollectionViewSecondCell.swift in Sources */,
				74D8B1992C3D920E00CD1FC0 /* TrackersListViewModel.swift in Sources */,
				740D5DEF2C24A80800523879 /* UITextField.swift in Sources */,
				740D5DED2C2497F700523879 /* UIImage.swift in Sources */,
				74D8B1912C3D8D3E00CD1FC0 /* Analytics.swift in Sources */,
				7479AD262C302D1B0044773C /* TrackerCategoryNameViewController.swift in Sources */,
				7479AD172C302BB10044773C /* UIColorValueTransformer.swift in Sources */,
				74D8B1972C3D904400CD1FC0 /* String.swift in Sources */,
				7479AD0F2C302B540044773C /* TrackerCategoryStore.swift in Sources */,
				740D5E052C29E88F00523879 /* TrackersListViewController.swift in Sources */,
				7479AD2C2C3051DA0044773C /* CategoryTableViewCell.swift in Sources */,
				740D5E012C29E7B800523879 /* TrackerCardViewController.swift in Sources */,
				740D5E072C29E8D800523879 /* StatisticsViewController.swift in Sources */,
				740D5DF92C29E5EF00523879 /* TrackerRecord.swift in Sources */,
				74A6B1A62C32B9BA003F3130 /* DataModel.xcdatamodeld in Sources */,
				740D5DFD2C29E6A600523879 /* SupplementaryView.swift in Sources */,
				740D5DEB2C24960200523879 /* UILabel.swift in Sources */,
				740D5E032C29E7FE00523879 /* TrackerSheduleViewController.swift in Sources */,
				7479AD1E2C302CB20044773C /* TrackerCardCollectionViewCell.swift in Sources */,
				740D5DD32C1E11D500523879 /* SceneDelegate.swift in Sources */,
				74D8B1932C3D901E00CD1FC0 /* UIColor.swift in Sources */,
				740D5DFF2C29E78100523879 /* TrackerTypeViewController.swift in Sources */,
				7479AD112C302B6C0044773C /* TrackerRecordStore.swift in Sources */,
				74A6B1AC2C343995003F3130 /* Observable.swift in Sources */,
				740D5DF52C29CACD00523879 /* Schedule.swift in Sources */,
				74A6B1AE2C3439CA003F3130 /* UserDefaults.swift in Sources */,
				740D5DF32C29C92E00523879 /* Tracker.swift in Sources */,
				740D5DFB2C29E64100523879 /* TrackerListCollectionViewCell.swift in Sources */,
				74A6B1A82C34391F003F3130 /* OnboardingViewController.swift in Sources */,
				74D8B19B2C3D933500CD1FC0 /* TrackersFiltersViewController.swift in Sources */,
				7479AD222C302CED0044773C /* TrackerCategoryViewController.swift in Sources */,
				7479AD152C302B9F0044773C /* DaysValueTransformer.swift in Sources */,
				74D8B19D2C3D95CA00CD1FC0 /* TrackerEditableCardViewController.swift in Sources */,
			);
			runOnlyForDeploymentPostprocessing = 0;
		};
		74D8B17B2C3C7FA700CD1FC0 /* Sources */ = {
			isa = PBXSourcesBuildPhase;
			buildActionMask = 2147483647;
			files = (
				74D8B1822C3C7FA700CD1FC0 /* TrackerTests.swift in Sources */,
			);
			runOnlyForDeploymentPostprocessing = 0;
		};
/* End PBXSourcesBuildPhase section */

/* Begin PBXTargetDependency section */
		74D8B1842C3C7FA700CD1FC0 /* PBXTargetDependency */ = {
			isa = PBXTargetDependency;
			target = 740D5DCC2C1E11D500523879 /* Tracker */;
			targetProxy = 74D8B1832C3C7FA700CD1FC0 /* PBXContainerItemProxy */;
		};
/* End PBXTargetDependency section */

/* Begin PBXVariantGroup section */
		740D5DDB2C1E11D800523879 /* LaunchScreen.storyboard */ = {
			isa = PBXVariantGroup;
			children = (
				740D5DDC2C1E11D800523879 /* Base */,
			);
			name = LaunchScreen.storyboard;
			sourceTree = "<group>";
		};
		74A6B1D42C346CE1003F3130 /* Localizable.strings */ = {
			isa = PBXVariantGroup;
			children = (
				74A6B1D32C346CE1003F3130 /* en */,
				74A6B1D52C346CE7003F3130 /* ar */,
				74A6B1D62C346CE8003F3130 /* ru */,
			);
			name = Localizable.strings;
			sourceTree = "<group>";
		};
		74A6B1DB2C346D0E003F3130 /* Localizable.stringsdict */ = {
			isa = PBXVariantGroup;
			children = (
				74A6B1DA2C346D0E003F3130 /* en */,
				74A6B1DC2C346D12003F3130 /* ar */,
				74A6B1DD2C346D13003F3130 /* ru */,
			);
			name = Localizable.stringsdict;
			sourceTree = "<group>";
		};
		74A6B1E22C346D33003F3130 /* InfoPlist.strings */ = {
			isa = PBXVariantGroup;
			children = (
				74A6B1E12C346D33003F3130 /* en */,
				74A6B1E32C346D37003F3130 /* ar */,
				74A6B1E42C346D37003F3130 /* ru */,
			);
			name = InfoPlist.strings;
			sourceTree = "<group>";
		};
/* End PBXVariantGroup section */

/* Begin XCBuildConfiguration section */
		740D5DDF2C1E11D800523879 /* Debug */ = {
			isa = XCBuildConfiguration;
			buildSettings = {
				ALWAYS_SEARCH_USER_PATHS = NO;
				CLANG_ANALYZER_NONNULL = YES;
				CLANG_ANALYZER_NUMBER_OBJECT_CONVERSION = YES_AGGRESSIVE;
				CLANG_CXX_LANGUAGE_STANDARD = "gnu++20";
				CLANG_ENABLE_MODULES = YES;
				CLANG_ENABLE_OBJC_ARC = YES;
				CLANG_ENABLE_OBJC_WEAK = YES;
				CLANG_WARN_BLOCK_CAPTURE_AUTORELEASING = YES;
				CLANG_WARN_BOOL_CONVERSION = YES;
				CLANG_WARN_COMMA = YES;
				CLANG_WARN_CONSTANT_CONVERSION = YES;
				CLANG_WARN_DEPRECATED_OBJC_IMPLEMENTATIONS = YES;
				CLANG_WARN_DIRECT_OBJC_ISA_USAGE = YES_ERROR;
				CLANG_WARN_DOCUMENTATION_COMMENTS = YES;
				CLANG_WARN_EMPTY_BODY = YES;
				CLANG_WARN_ENUM_CONVERSION = YES;
				CLANG_WARN_INFINITE_RECURSION = YES;
				CLANG_WARN_INT_CONVERSION = YES;
				CLANG_WARN_NON_LITERAL_NULL_CONVERSION = YES;
				CLANG_WARN_OBJC_IMPLICIT_RETAIN_SELF = YES;
				CLANG_WARN_OBJC_LITERAL_CONVERSION = YES;
				CLANG_WARN_OBJC_ROOT_CLASS = YES_ERROR;
				CLANG_WARN_QUOTED_INCLUDE_IN_FRAMEWORK_HEADER = YES;
				CLANG_WARN_RANGE_LOOP_ANALYSIS = YES;
				CLANG_WARN_STRICT_PROTOTYPES = YES;
				CLANG_WARN_SUSPICIOUS_MOVE = YES;
				CLANG_WARN_UNGUARDED_AVAILABILITY = YES_AGGRESSIVE;
				CLANG_WARN_UNREACHABLE_CODE = YES;
				CLANG_WARN__DUPLICATE_METHOD_MATCH = YES;
				COPY_PHASE_STRIP = NO;
				DEBUG_INFORMATION_FORMAT = dwarf;
				ENABLE_STRICT_OBJC_MSGSEND = YES;
				ENABLE_TESTABILITY = YES;
				GCC_C_LANGUAGE_STANDARD = gnu11;
				GCC_DYNAMIC_NO_PIC = NO;
				GCC_NO_COMMON_BLOCKS = YES;
				GCC_OPTIMIZATION_LEVEL = 0;
				GCC_PREPROCESSOR_DEFINITIONS = (
					"DEBUG=1",
					"$(inherited)",
				);
				GCC_WARN_64_TO_32_BIT_CONVERSION = YES;
				GCC_WARN_ABOUT_RETURN_TYPE = YES_ERROR;
				GCC_WARN_UNDECLARED_SELECTOR = YES;
				GCC_WARN_UNINITIALIZED_AUTOS = YES_AGGRESSIVE;
				GCC_WARN_UNUSED_FUNCTION = YES;
				GCC_WARN_UNUSED_VARIABLE = YES;
				IPHONEOS_DEPLOYMENT_TARGET = 16.2;
				MTL_ENABLE_DEBUG_INFO = INCLUDE_SOURCE;
				MTL_FAST_MATH = YES;
				ONLY_ACTIVE_ARCH = YES;
				SDKROOT = iphoneos;
				SWIFT_ACTIVE_COMPILATION_CONDITIONS = DEBUG;
				SWIFT_OPTIMIZATION_LEVEL = "-Onone";
			};
			name = Debug;
		};
		740D5DE02C1E11D800523879 /* Release */ = {
			isa = XCBuildConfiguration;
			buildSettings = {
				ALWAYS_SEARCH_USER_PATHS = NO;
				CLANG_ANALYZER_NONNULL = YES;
				CLANG_ANALYZER_NUMBER_OBJECT_CONVERSION = YES_AGGRESSIVE;
				CLANG_CXX_LANGUAGE_STANDARD = "gnu++20";
				CLANG_ENABLE_MODULES = YES;
				CLANG_ENABLE_OBJC_ARC = YES;
				CLANG_ENABLE_OBJC_WEAK = YES;
				CLANG_WARN_BLOCK_CAPTURE_AUTORELEASING = YES;
				CLANG_WARN_BOOL_CONVERSION = YES;
				CLANG_WARN_COMMA = YES;
				CLANG_WARN_CONSTANT_CONVERSION = YES;
				CLANG_WARN_DEPRECATED_OBJC_IMPLEMENTATIONS = YES;
				CLANG_WARN_DIRECT_OBJC_ISA_USAGE = YES_ERROR;
				CLANG_WARN_DOCUMENTATION_COMMENTS = YES;
				CLANG_WARN_EMPTY_BODY = YES;
				CLANG_WARN_ENUM_CONVERSION = YES;
				CLANG_WARN_INFINITE_RECURSION = YES;
				CLANG_WARN_INT_CONVERSION = YES;
				CLANG_WARN_NON_LITERAL_NULL_CONVERSION = YES;
				CLANG_WARN_OBJC_IMPLICIT_RETAIN_SELF = YES;
				CLANG_WARN_OBJC_LITERAL_CONVERSION = YES;
				CLANG_WARN_OBJC_ROOT_CLASS = YES_ERROR;
				CLANG_WARN_QUOTED_INCLUDE_IN_FRAMEWORK_HEADER = YES;
				CLANG_WARN_RANGE_LOOP_ANALYSIS = YES;
				CLANG_WARN_STRICT_PROTOTYPES = YES;
				CLANG_WARN_SUSPICIOUS_MOVE = YES;
				CLANG_WARN_UNGUARDED_AVAILABILITY = YES_AGGRESSIVE;
				CLANG_WARN_UNREACHABLE_CODE = YES;
				CLANG_WARN__DUPLICATE_METHOD_MATCH = YES;
				COPY_PHASE_STRIP = NO;
				DEBUG_INFORMATION_FORMAT = "dwarf-with-dsym";
				ENABLE_NS_ASSERTIONS = NO;
				ENABLE_STRICT_OBJC_MSGSEND = YES;
				GCC_C_LANGUAGE_STANDARD = gnu11;
				GCC_NO_COMMON_BLOCKS = YES;
				GCC_WARN_64_TO_32_BIT_CONVERSION = YES;
				GCC_WARN_ABOUT_RETURN_TYPE = YES_ERROR;
				GCC_WARN_UNDECLARED_SELECTOR = YES;
				GCC_WARN_UNINITIALIZED_AUTOS = YES_AGGRESSIVE;
				GCC_WARN_UNUSED_FUNCTION = YES;
				GCC_WARN_UNUSED_VARIABLE = YES;
				IPHONEOS_DEPLOYMENT_TARGET = 16.2;
				MTL_ENABLE_DEBUG_INFO = NO;
				MTL_FAST_MATH = YES;
				SDKROOT = iphoneos;
				SWIFT_COMPILATION_MODE = wholemodule;
				SWIFT_OPTIMIZATION_LEVEL = "-O";
				VALIDATE_PRODUCT = YES;
			};
			name = Release;
		};
		740D5DE22C1E11D800523879 /* Debug */ = {
			isa = XCBuildConfiguration;
			baseConfigurationReference = 6EF7A52D9B65B923FC38B8B4 /* Pods-Tracker.debug.xcconfig */;
			buildSettings = {
				ASSETCATALOG_COMPILER_APPICON_NAME = AppIcon;
				ASSETCATALOG_COMPILER_GLOBAL_ACCENT_COLOR_NAME = AccentColor;
				CODE_SIGN_STYLE = Automatic;
				CURRENT_PROJECT_VERSION = 1;
				DEVELOPMENT_TEAM = YJ677YZM59;
				GENERATE_INFOPLIST_FILE = YES;
				INFOPLIST_FILE = Tracker/Info.plist;
				INFOPLIST_KEY_UIApplicationSupportsIndirectInputEvents = YES;
				INFOPLIST_KEY_UILaunchStoryboardName = LaunchScreen.storyboard;
				INFOPLIST_KEY_UISupportedInterfaceOrientations = UIInterfaceOrientationPortrait;
				INFOPLIST_KEY_UISupportedInterfaceOrientations_iPad = "UIInterfaceOrientationLandscapeLeft UIInterfaceOrientationLandscapeRight UIInterfaceOrientationPortrait UIInterfaceOrientationPortraitUpsideDown";
				IPHONEOS_DEPLOYMENT_TARGET = 13.4;
				LD_RUNPATH_SEARCH_PATHS = (
					"$(inherited)",
					"@executable_path/Frameworks",
				);
				MARKETING_VERSION = 1.0;
				PRODUCT_BUNDLE_IDENTIFIER = LightKrite.Tracker;
				PRODUCT_NAME = "$(TARGET_NAME)";
				SUPPORTED_PLATFORMS = "iphoneos iphonesimulator";
				SUPPORTS_MACCATALYST = NO;
				SUPPORTS_MAC_DESIGNED_FOR_IPHONE_IPAD = NO;
				SWIFT_EMIT_LOC_STRINGS = YES;
				SWIFT_VERSION = 5.0;
				TARGETED_DEVICE_FAMILY = 1;
			};
			name = Debug;
		};
		740D5DE32C1E11D800523879 /* Release */ = {
			isa = XCBuildConfiguration;
			baseConfigurationReference = E03A88DEC0E3B86689C289FF /* Pods-Tracker.release.xcconfig */;
			buildSettings = {
				ASSETCATALOG_COMPILER_APPICON_NAME = AppIcon;
				ASSETCATALOG_COMPILER_GLOBAL_ACCENT_COLOR_NAME = AccentColor;
				CODE_SIGN_STYLE = Automatic;
				CURRENT_PROJECT_VERSION = 1;
				DEVELOPMENT_TEAM = YJ677YZM59;
				GENERATE_INFOPLIST_FILE = YES;
				INFOPLIST_FILE = Tracker/Info.plist;
				INFOPLIST_KEY_UIApplicationSupportsIndirectInputEvents = YES;
				INFOPLIST_KEY_UILaunchStoryboardName = LaunchScreen.storyboard;
				INFOPLIST_KEY_UISupportedInterfaceOrientations = UIInterfaceOrientationPortrait;
				INFOPLIST_KEY_UISupportedInterfaceOrientations_iPad = "UIInterfaceOrientationLandscapeLeft UIInterfaceOrientationLandscapeRight UIInterfaceOrientationPortrait UIInterfaceOrientationPortraitUpsideDown";
				IPHONEOS_DEPLOYMENT_TARGET = 13.4;
				LD_RUNPATH_SEARCH_PATHS = (
					"$(inherited)",
					"@executable_path/Frameworks",
				);
				MARKETING_VERSION = 1.0;
				PRODUCT_BUNDLE_IDENTIFIER = LightKrite.Tracker;
				PRODUCT_NAME = "$(TARGET_NAME)";
				SUPPORTED_PLATFORMS = "iphoneos iphonesimulator";
				SUPPORTS_MACCATALYST = NO;
				SUPPORTS_MAC_DESIGNED_FOR_IPHONE_IPAD = NO;
				SWIFT_EMIT_LOC_STRINGS = YES;
				SWIFT_VERSION = 5.0;
				TARGETED_DEVICE_FAMILY = 1;
			};
			name = Release;
		};
		74D8B1862C3C7FA700CD1FC0 /* Debug */ = {
			isa = XCBuildConfiguration;
			baseConfigurationReference = 8B07201BEA11C195B56E72B7 /* Pods-TrackerTests.debug.xcconfig */;
			buildSettings = {
				BUNDLE_LOADER = "$(TEST_HOST)";
				CODE_SIGN_STYLE = Automatic;
				CURRENT_PROJECT_VERSION = 1;
				DEVELOPMENT_TEAM = YJ677YZM59;
				GENERATE_INFOPLIST_FILE = YES;
				MARKETING_VERSION = 1.0;
				PRODUCT_BUNDLE_IDENTIFIER = LightKrite.TrackerTests;
				PRODUCT_NAME = "$(TARGET_NAME)";
				SWIFT_EMIT_LOC_STRINGS = NO;
				SWIFT_VERSION = 5.0;
				TARGETED_DEVICE_FAMILY = "1,2";
				TEST_HOST = "$(BUILT_PRODUCTS_DIR)/Tracker.app/$(BUNDLE_EXECUTABLE_FOLDER_PATH)/Tracker";
			};
			name = Debug;
		};
		74D8B1872C3C7FA700CD1FC0 /* Release */ = {
			isa = XCBuildConfiguration;
			baseConfigurationReference = EB699F370116471E289C97F3 /* Pods-TrackerTests.release.xcconfig */;
			buildSettings = {
				BUNDLE_LOADER = "$(TEST_HOST)";
				CODE_SIGN_STYLE = Automatic;
				CURRENT_PROJECT_VERSION = 1;
				DEVELOPMENT_TEAM = YJ677YZM59;
				GENERATE_INFOPLIST_FILE = YES;
				MARKETING_VERSION = 1.0;
				PRODUCT_BUNDLE_IDENTIFIER = LightKrite.TrackerTests;
				PRODUCT_NAME = "$(TARGET_NAME)";
				SWIFT_EMIT_LOC_STRINGS = NO;
				SWIFT_VERSION = 5.0;
				TARGETED_DEVICE_FAMILY = "1,2";
				TEST_HOST = "$(BUILT_PRODUCTS_DIR)/Tracker.app/$(BUNDLE_EXECUTABLE_FOLDER_PATH)/Tracker";
			};
			name = Release;
		};
/* End XCBuildConfiguration section */

/* Begin XCConfigurationList section */
		740D5DC82C1E11D500523879 /* Build configuration list for PBXProject "Tracker" */ = {
			isa = XCConfigurationList;
			buildConfigurations = (
				740D5DDF2C1E11D800523879 /* Debug */,
				740D5DE02C1E11D800523879 /* Release */,
			);
			defaultConfigurationIsVisible = 0;
			defaultConfigurationName = Release;
		};
		740D5DE12C1E11D800523879 /* Build configuration list for PBXNativeTarget "Tracker" */ = {
			isa = XCConfigurationList;
			buildConfigurations = (
				740D5DE22C1E11D800523879 /* Debug */,
				740D5DE32C1E11D800523879 /* Release */,
			);
			defaultConfigurationIsVisible = 0;
			defaultConfigurationName = Release;
		};
		74D8B1852C3C7FA700CD1FC0 /* Build configuration list for PBXNativeTarget "TrackerTests" */ = {
			isa = XCConfigurationList;
			buildConfigurations = (
				74D8B1862C3C7FA700CD1FC0 /* Debug */,
				74D8B1872C3C7FA700CD1FC0 /* Release */,
			);
			defaultConfigurationIsVisible = 0;
			defaultConfigurationName = Release;
		};
/* End XCConfigurationList section */

/* Begin XCRemoteSwiftPackageReference section */
		74D8B1882C3C805200CD1FC0 /* XCRemoteSwiftPackageReference "swift-snapshot-testing" */ = {
			isa = XCRemoteSwiftPackageReference;
			repositoryURL = "https://github.com/pointfreeco/swift-snapshot-testing";
			requirement = {
				kind = upToNextMajorVersion;
				minimumVersion = 1.0.0;
			};
		};
/* End XCRemoteSwiftPackageReference section */

/* Begin XCSwiftPackageProductDependency section */
		74D8B1892C3C805200CD1FC0 /* InlineSnapshotTesting */ = {
			isa = XCSwiftPackageProductDependency;
			package = 74D8B1882C3C805200CD1FC0 /* XCRemoteSwiftPackageReference "swift-snapshot-testing" */;
			productName = InlineSnapshotTesting;
		};
		74D8B18B2C3C805200CD1FC0 /* SnapshotTesting */ = {
			isa = XCSwiftPackageProductDependency;
			package = 74D8B1882C3C805200CD1FC0 /* XCRemoteSwiftPackageReference "swift-snapshot-testing" */;
			productName = SnapshotTesting;
		};
/* End XCSwiftPackageProductDependency section */

/* Begin XCVersionGroup section */
		74A6B1A42C32B9BA003F3130 /* DataModel.xcdatamodeld */ = {
			isa = XCVersionGroup;
			children = (
				74A6B1A52C32B9BA003F3130 /* DataModel.xcdatamodel */,
			);
			currentVersion = 74A6B1A52C32B9BA003F3130 /* DataModel.xcdatamodel */;
			path = DataModel.xcdatamodeld;
			sourceTree = "<group>";
			versionGroupType = wrapper.xcdatamodel;
		};
/* End XCVersionGroup section */
	};
	rootObject = 740D5DC52C1E11D500523879 /* Project object */;
}
