// !$*UTF8*$!
{
	archiveVersion = 1;
	classes = {
	};
	objectVersion = 56;
	objects = {

/* Begin PBXBuildFile section */
		740D5DD12C1E11D500523879 /* AppDelegate.swift in Sources */ = {isa = PBXBuildFile; fileRef = 740D5DD02C1E11D500523879 /* AppDelegate.swift */; };
		740D5DD32C1E11D500523879 /* SceneDelegate.swift in Sources */ = {isa = PBXBuildFile; fileRef = 740D5DD22C1E11D500523879 /* SceneDelegate.swift */; };
		740D5DDA2C1E11D800523879 /* Assets.xcassets in Resources */ = {isa = PBXBuildFile; fileRef = 740D5DD92C1E11D800523879 /* Assets.xcassets */; };
		740D5DDD2C1E11D800523879 /* LaunchScreen.storyboard in Resources */ = {isa = PBXBuildFile; fileRef = 740D5DDB2C1E11D800523879 /* LaunchScreen.storyboard */; };
		740D5DEB2C24960200523879 /* UILabel.swift in Sources */ = {isa = PBXBuildFile; fileRef = 740D5DEA2C24960200523879 /* UILabel.swift */; };
		740D5DED2C2497F700523879 /* UIImage.swift in Sources */ = {isa = PBXBuildFile; fileRef = 740D5DEC2C2497F700523879 /* UIImage.swift */; };
		740D5DEF2C24A80800523879 /* UITextField.swift in Sources */ = {isa = PBXBuildFile; fileRef = 740D5DEE2C24A80800523879 /* UITextField.swift */; };
		740D5DF12C24A98100523879 /* Date.swift in Sources */ = {isa = PBXBuildFile; fileRef = 740D5DF02C24A98100523879 /* Date.swift */; };
		740D5DF32C29C92E00523879 /* Tracker.swift in Sources */ = {isa = PBXBuildFile; fileRef = 740D5DF22C29C92D00523879 /* Tracker.swift */; };
		740D5DF52C29CACD00523879 /* Schedule.swift in Sources */ = {isa = PBXBuildFile; fileRef = 740D5DF42C29CACD00523879 /* Schedule.swift */; };
		740D5DF72C29E5B700523879 /* TrackerCategory.swift in Sources */ = {isa = PBXBuildFile; fileRef = 740D5DF62C29E5B700523879 /* TrackerCategory.swift */; };
		740D5DF92C29E5EF00523879 /* TrackerRecord.swift in Sources */ = {isa = PBXBuildFile; fileRef = 740D5DF82C29E5EF00523879 /* TrackerRecord.swift */; };
		740D5DFB2C29E64100523879 /* CollectionViewCell.swift in Sources */ = {isa = PBXBuildFile; fileRef = 740D5DFA2C29E64100523879 /* CollectionViewCell.swift */; };
		740D5DFD2C29E6A600523879 /* SupplementaryView.swift in Sources */ = {isa = PBXBuildFile; fileRef = 740D5DFC2C29E6A600523879 /* SupplementaryView.swift */; };
		740D5DFF2C29E78100523879 /* TrackerTypeViewController.swift in Sources */ = {isa = PBXBuildFile; fileRef = 740D5DFE2C29E78100523879 /* TrackerTypeViewController.swift */; };
		740D5E012C29E7B800523879 /* TrackerCardViewController.swift in Sources */ = {isa = PBXBuildFile; fileRef = 740D5E002C29E7B800523879 /* TrackerCardViewController.swift */; };
		740D5E032C29E7FE00523879 /* TrackerSheduleViewController.swift in Sources */ = {isa = PBXBuildFile; fileRef = 740D5E022C29E7FE00523879 /* TrackerSheduleViewController.swift */; };
		740D5E052C29E88F00523879 /* TrackersViewController.swift in Sources */ = {isa = PBXBuildFile; fileRef = 740D5E042C29E88F00523879 /* TrackersViewController.swift */; };
		740D5E072C29E8D800523879 /* StatisticsViewController.swift in Sources */ = {isa = PBXBuildFile; fileRef = 740D5E062C29E8D800523879 /* StatisticsViewController.swift */; };
		740D5E092C29EAD800523879 /* TabBarController.swift in Sources */ = {isa = PBXBuildFile; fileRef = 740D5E082C29EAD800523879 /* TabBarController.swift */; };
/* End PBXBuildFile section */

/* Begin PBXFileReference section */
		740D5DCD2C1E11D500523879 /* Tracker.app */ = {isa = PBXFileReference; explicitFileType = wrapper.application; includeInIndex = 0; path = Tracker.app; sourceTree = BUILT_PRODUCTS_DIR; };
		740D5DD02C1E11D500523879 /* AppDelegate.swift */ = {isa = PBXFileReference; lastKnownFileType = sourcecode.swift; path = AppDelegate.swift; sourceTree = "<group>"; };
		740D5DD22C1E11D500523879 /* SceneDelegate.swift */ = {isa = PBXFileReference; lastKnownFileType = sourcecode.swift; path = SceneDelegate.swift; sourceTree = "<group>"; };
		740D5DD92C1E11D800523879 /* Assets.xcassets */ = {isa = PBXFileReference; lastKnownFileType = folder.assetcatalog; path = Assets.xcassets; sourceTree = "<group>"; };
		740D5DDC2C1E11D800523879 /* Base */ = {isa = PBXFileReference; lastKnownFileType = file.storyboard; name = Base; path = Base.lproj/LaunchScreen.storyboard; sourceTree = "<group>"; };
		740D5DDE2C1E11D800523879 /* Info.plist */ = {isa = PBXFileReference; lastKnownFileType = text.plist.xml; path = Info.plist; sourceTree = "<group>"; };
		740D5DEA2C24960200523879 /* UILabel.swift */ = {isa = PBXFileReference; lastKnownFileType = sourcecode.swift; path = UILabel.swift; sourceTree = "<group>"; };
		740D5DEC2C2497F700523879 /* UIImage.swift */ = {isa = PBXFileReference; lastKnownFileType = sourcecode.swift; path = UIImage.swift; sourceTree = "<group>"; };
		740D5DEE2C24A80800523879 /* UITextField.swift */ = {isa = PBXFileReference; lastKnownFileType = sourcecode.swift; path = UITextField.swift; sourceTree = "<group>"; };
		740D5DF02C24A98100523879 /* Date.swift */ = {isa = PBXFileReference; lastKnownFileType = sourcecode.swift; path = Date.swift; sourceTree = "<group>"; };
		740D5DF22C29C92D00523879 /* Tracker.swift */ = {isa = PBXFileReference; lastKnownFileType = sourcecode.swift; path = Tracker.swift; sourceTree = "<group>"; };
		740D5DF42C29CACD00523879 /* Schedule.swift */ = {isa = PBXFileReference; lastKnownFileType = sourcecode.swift; path = Schedule.swift; sourceTree = "<group>"; };
		740D5DF62C29E5B700523879 /* TrackerCategory.swift */ = {isa = PBXFileReference; lastKnownFileType = sourcecode.swift; path = TrackerCategory.swift; sourceTree = "<group>"; };
		740D5DF82C29E5EF00523879 /* TrackerRecord.swift */ = {isa = PBXFileReference; lastKnownFileType = sourcecode.swift; path = TrackerRecord.swift; sourceTree = "<group>"; };
		740D5DFA2C29E64100523879 /* CollectionViewCell.swift */ = {isa = PBXFileReference; lastKnownFileType = sourcecode.swift; path = CollectionViewCell.swift; sourceTree = "<group>"; };
		740D5DFC2C29E6A600523879 /* SupplementaryView.swift */ = {isa = PBXFileReference; lastKnownFileType = sourcecode.swift; path = SupplementaryView.swift; sourceTree = "<group>"; };
		740D5DFE2C29E78100523879 /* TrackerTypeViewController.swift */ = {isa = PBXFileReference; lastKnownFileType = sourcecode.swift; path = TrackerTypeViewController.swift; sourceTree = "<group>"; };
		740D5E002C29E7B800523879 /* TrackerCardViewController.swift */ = {isa = PBXFileReference; lastKnownFileType = sourcecode.swift; path = TrackerCardViewController.swift; sourceTree = "<group>"; };
		740D5E022C29E7FE00523879 /* TrackerSheduleViewController.swift */ = {isa = PBXFileReference; lastKnownFileType = sourcecode.swift; path = TrackerSheduleViewController.swift; sourceTree = "<group>"; };
		740D5E042C29E88F00523879 /* TrackersViewController.swift */ = {isa = PBXFileReference; lastKnownFileType = sourcecode.swift; path = TrackersViewController.swift; sourceTree = "<group>"; };
		740D5E062C29E8D800523879 /* StatisticsViewController.swift */ = {isa = PBXFileReference; lastKnownFileType = sourcecode.swift; path = StatisticsViewController.swift; sourceTree = "<group>"; };
		740D5E082C29EAD800523879 /* TabBarController.swift */ = {isa = PBXFileReference; lastKnownFileType = sourcecode.swift; path = TabBarController.swift; sourceTree = "<group>"; };
/* End PBXFileReference section */

/* Begin PBXFrameworksBuildPhase section */
		740D5DCA2C1E11D500523879 /* Frameworks */ = {
			isa = PBXFrameworksBuildPhase;
			buildActionMask = 2147483647;
			files = (
			);
			runOnlyForDeploymentPostprocessing = 0;
		};
/* End PBXFrameworksBuildPhase section */

/* Begin PBXGroup section */
		740D5DC42C1E11D500523879 = {
			isa = PBXGroup;
			children = (
				740D5DCF2C1E11D500523879 /* Tracker */,
				740D5DCE2C1E11D500523879 /* Products */,
			);
			sourceTree = "<group>";
		};
		740D5DCE2C1E11D500523879 /* Products */ = {
			isa = PBXGroup;
			children = (
				740D5DCD2C1E11D500523879 /* Tracker.app */,
			);
			name = Products;
			sourceTree = "<group>";
		};
		740D5DCF2C1E11D500523879 /* Tracker */ = {
			isa = PBXGroup;
			children = (
				740D5E082C29EAD800523879 /* TabBarController.swift */,
				740D5DD02C1E11D500523879 /* AppDelegate.swift */,
				740D5DD22C1E11D500523879 /* SceneDelegate.swift */,
				740D5DE42C248C7E00523879 /* Statistics */,
				740D5DE52C248C9300523879 /* Trackers */,
				740D5DE62C248CA600523879 /* TrackerCreation */,
				740D5DE72C248CBB00523879 /* Collection */,
				740D5DE82C248CD000523879 /* ViewModels */,
				740D5DE92C248CE500523879 /* Extensions */,
				740D5DD92C1E11D800523879 /* Assets.xcassets */,
				740D5DDB2C1E11D800523879 /* LaunchScreen.storyboard */,
				740D5DDE2C1E11D800523879 /* Info.plist */,
			);
			path = Tracker;
			sourceTree = "<group>";
		};
		740D5DE42C248C7E00523879 /* Statistics */ = {
			isa = PBXGroup;
			children = (
				740D5E062C29E8D800523879 /* StatisticsViewController.swift */,
			);
			path = Statistics;
			sourceTree = "<group>";
		};
		740D5DE52C248C9300523879 /* Trackers */ = {
			isa = PBXGroup;
			children = (
				740D5E042C29E88F00523879 /* TrackersViewController.swift */,
			);
			path = Trackers;
			sourceTree = "<group>";
		};
		740D5DE62C248CA600523879 /* TrackerCreation */ = {
			isa = PBXGroup;
			children = (
				740D5DFE2C29E78100523879 /* TrackerTypeViewController.swift */,
				740D5E002C29E7B800523879 /* TrackerCardViewController.swift */,
				740D5E022C29E7FE00523879 /* TrackerSheduleViewController.swift */,
			);
			path = TrackerCreation;
			sourceTree = "<group>";
		};
		740D5DE72C248CBB00523879 /* Collection */ = {
			isa = PBXGroup;
			children = (
				740D5DFA2C29E64100523879 /* CollectionViewCell.swift */,
				740D5DFC2C29E6A600523879 /* SupplementaryView.swift */,
			);
			path = Collection;
			sourceTree = "<group>";
		};
		740D5DE82C248CD000523879 /* ViewModels */ = {
			isa = PBXGroup;
			children = (
				740D5DF22C29C92D00523879 /* Tracker.swift */,
				740D5DF42C29CACD00523879 /* Schedule.swift */,
				740D5DF62C29E5B700523879 /* TrackerCategory.swift */,
				740D5DF82C29E5EF00523879 /* TrackerRecord.swift */,
			);
			path = ViewModels;
			sourceTree = "<group>";
		};
		740D5DE92C248CE500523879 /* Extensions */ = {
			isa = PBXGroup;
			children = (
				740D5DEA2C24960200523879 /* UILabel.swift */,
				740D5DEC2C2497F700523879 /* UIImage.swift */,
				740D5DEE2C24A80800523879 /* UITextField.swift */,
				740D5DF02C24A98100523879 /* Date.swift */,
			);
			path = Extensions;
			sourceTree = "<group>";
		};
/* End PBXGroup section */

/* Begin PBXNativeTarget section */
		740D5DCC2C1E11D500523879 /* Tracker */ = {
			isa = PBXNativeTarget;
			buildConfigurationList = 740D5DE12C1E11D800523879 /* Build configuration list for PBXNativeTarget "Tracker" */;
			buildPhases = (
				740D5DC92C1E11D500523879 /* Sources */,
				740D5DCA2C1E11D500523879 /* Frameworks */,
				740D5DCB2C1E11D500523879 /* Resources */,
			);
			buildRules = (
			);
			dependencies = (
			);
			name = Tracker;
			productName = Tracker;
			productReference = 740D5DCD2C1E11D500523879 /* Tracker.app */;
			productType = "com.apple.product-type.application";
		};
/* End PBXNativeTarget section */

/* Begin PBXProject section */
		740D5DC52C1E11D500523879 /* Project object */ = {
			isa = PBXProject;
			attributes = {
				BuildIndependentTargetsInParallel = 1;
				LastSwiftUpdateCheck = 1420;
				LastUpgradeCheck = 1420;
				TargetAttributes = {
					740D5DCC2C1E11D500523879 = {
						CreatedOnToolsVersion = 14.2;
					};
				};
			};
			buildConfigurationList = 740D5DC82C1E11D500523879 /* Build configuration list for PBXProject "Tracker" */;
			compatibilityVersion = "Xcode 14.0";
			developmentRegion = en;
			hasScannedForEncodings = 0;
			knownRegions = (
				en,
				Base,
			);
			mainGroup = 740D5DC42C1E11D500523879;
			productRefGroup = 740D5DCE2C1E11D500523879 /* Products */;
			projectDirPath = "";
			projectRoot = "";
			targets = (
				740D5DCC2C1E11D500523879 /* Tracker */,
			);
		};
/* End PBXProject section */

/* Begin PBXResourcesBuildPhase section */
		740D5DCB2C1E11D500523879 /* Resources */ = {
			isa = PBXResourcesBuildPhase;
			buildActionMask = 2147483647;
			files = (
				740D5DDD2C1E11D800523879 /* LaunchScreen.storyboard in Resources */,
				740D5DDA2C1E11D800523879 /* Assets.xcassets in Resources */,
			);
			runOnlyForDeploymentPostprocessing = 0;
		};
/* End PBXResourcesBuildPhase section */

/* Begin PBXSourcesBuildPhase section */
		740D5DC92C1E11D500523879 /* Sources */ = {
			isa = PBXSourcesBuildPhase;
			buildActionMask = 2147483647;
			files = (
				740D5DF72C29E5B700523879 /* TrackerCategory.swift in Sources */,
				740D5DD12C1E11D500523879 /* AppDelegate.swift in Sources */,
				740D5DF12C24A98100523879 /* Date.swift in Sources */,
				740D5E092C29EAD800523879 /* TabBarController.swift in Sources */,
				740D5DEF2C24A80800523879 /* UITextField.swift in Sources */,
				740D5DED2C2497F700523879 /* UIImage.swift in Sources */,
				740D5E052C29E88F00523879 /* TrackersViewController.swift in Sources */,
				740D5E012C29E7B800523879 /* TrackerCardViewController.swift in Sources */,
				740D5E072C29E8D800523879 /* StatisticsViewController.swift in Sources */,
				740D5DF92C29E5EF00523879 /* TrackerRecord.swift in Sources */,
				740D5DFD2C29E6A600523879 /* SupplementaryView.swift in Sources */,
				740D5DEB2C24960200523879 /* UILabel.swift in Sources */,
				740D5E032C29E7FE00523879 /* TrackerSheduleViewController.swift in Sources */,
				740D5DD32C1E11D500523879 /* SceneDelegate.swift in Sources */,
				740D5DFF2C29E78100523879 /* TrackerTypeViewController.swift in Sources */,
				740D5DF52C29CACD00523879 /* Schedule.swift in Sources */,
				740D5DF32C29C92E00523879 /* Tracker.swift in Sources */,
				740D5DFB2C29E64100523879 /* CollectionViewCell.swift in Sources */,
			);
			runOnlyForDeploymentPostprocessing = 0;
		};
/* End PBXSourcesBuildPhase section */

/* Begin PBXVariantGroup section */
		740D5DDB2C1E11D800523879 /* LaunchScreen.storyboard */ = {
			isa = PBXVariantGroup;
			children = (
				740D5DDC2C1E11D800523879 /* Base */,
			);
			name = LaunchScreen.storyboard;
			sourceTree = "<group>";
		};
/* End PBXVariantGroup section */

/* Begin XCBuildConfiguration section */
		740D5DDF2C1E11D800523879 /* Debug */ = {
			isa = XCBuildConfiguration;
			buildSettings = {
				ALWAYS_SEARCH_USER_PATHS = NO;
				CLANG_ANALYZER_NONNULL = YES;
				CLANG_ANALYZER_NUMBER_OBJECT_CONVERSION = YES_AGGRESSIVE;
				CLANG_CXX_LANGUAGE_STANDARD = "gnu++20";
				CLANG_ENABLE_MODULES = YES;
				CLANG_ENABLE_OBJC_ARC = YES;
				CLANG_ENABLE_OBJC_WEAK = YES;
				CLANG_WARN_BLOCK_CAPTURE_AUTORELEASING = YES;
				CLANG_WARN_BOOL_CONVERSION = YES;
				CLANG_WARN_COMMA = YES;
				CLANG_WARN_CONSTANT_CONVERSION = YES;
				CLANG_WARN_DEPRECATED_OBJC_IMPLEMENTATIONS = YES;
				CLANG_WARN_DIRECT_OBJC_ISA_USAGE = YES_ERROR;
				CLANG_WARN_DOCUMENTATION_COMMENTS = YES;
				CLANG_WARN_EMPTY_BODY = YES;
				CLANG_WARN_ENUM_CONVERSION = YES;
				CLANG_WARN_INFINITE_RECURSION = YES;
				CLANG_WARN_INT_CONVERSION = YES;
				CLANG_WARN_NON_LITERAL_NULL_CONVERSION = YES;
				CLANG_WARN_OBJC_IMPLICIT_RETAIN_SELF = YES;
				CLANG_WARN_OBJC_LITERAL_CONVERSION = YES;
				CLANG_WARN_OBJC_ROOT_CLASS = YES_ERROR;
				CLANG_WARN_QUOTED_INCLUDE_IN_FRAMEWORK_HEADER = YES;
				CLANG_WARN_RANGE_LOOP_ANALYSIS = YES;
				CLANG_WARN_STRICT_PROTOTYPES = YES;
				CLANG_WARN_SUSPICIOUS_MOVE = YES;
				CLANG_WARN_UNGUARDED_AVAILABILITY = YES_AGGRESSIVE;
				CLANG_WARN_UNREACHABLE_CODE = YES;
				CLANG_WARN__DUPLICATE_METHOD_MATCH = YES;
				COPY_PHASE_STRIP = NO;
				DEBUG_INFORMATION_FORMAT = dwarf;
				ENABLE_STRICT_OBJC_MSGSEND = YES;
				ENABLE_TESTABILITY = YES;
				GCC_C_LANGUAGE_STANDARD = gnu11;
				GCC_DYNAMIC_NO_PIC = NO;
				GCC_NO_COMMON_BLOCKS = YES;
				GCC_OPTIMIZATION_LEVEL = 0;
				GCC_PREPROCESSOR_DEFINITIONS = (
					"DEBUG=1",
					"$(inherited)",
				);
				GCC_WARN_64_TO_32_BIT_CONVERSION = YES;
				GCC_WARN_ABOUT_RETURN_TYPE = YES_ERROR;
				GCC_WARN_UNDECLARED_SELECTOR = YES;
				GCC_WARN_UNINITIALIZED_AUTOS = YES_AGGRESSIVE;
				GCC_WARN_UNUSED_FUNCTION = YES;
				GCC_WARN_UNUSED_VARIABLE = YES;
				IPHONEOS_DEPLOYMENT_TARGET = 16.2;
				MTL_ENABLE_DEBUG_INFO = INCLUDE_SOURCE;
				MTL_FAST_MATH = YES;
				ONLY_ACTIVE_ARCH = YES;
				SDKROOT = iphoneos;
				SWIFT_ACTIVE_COMPILATION_CONDITIONS = DEBUG;
				SWIFT_OPTIMIZATION_LEVEL = "-Onone";
			};
			name = Debug;
		};
		740D5DE02C1E11D800523879 /* Release */ = {
			isa = XCBuildConfiguration;
			buildSettings = {
				ALWAYS_SEARCH_USER_PATHS = NO;
				CLANG_ANALYZER_NONNULL = YES;
				CLANG_ANALYZER_NUMBER_OBJECT_CONVERSION = YES_AGGRESSIVE;
				CLANG_CXX_LANGUAGE_STANDARD = "gnu++20";
				CLANG_ENABLE_MODULES = YES;
				CLANG_ENABLE_OBJC_ARC = YES;
				CLANG_ENABLE_OBJC_WEAK = YES;
				CLANG_WARN_BLOCK_CAPTURE_AUTORELEASING = YES;
				CLANG_WARN_BOOL_CONVERSION = YES;
				CLANG_WARN_COMMA = YES;
				CLANG_WARN_CONSTANT_CONVERSION = YES;
				CLANG_WARN_DEPRECATED_OBJC_IMPLEMENTATIONS = YES;
				CLANG_WARN_DIRECT_OBJC_ISA_USAGE = YES_ERROR;
				CLANG_WARN_DOCUMENTATION_COMMENTS = YES;
				CLANG_WARN_EMPTY_BODY = YES;
				CLANG_WARN_ENUM_CONVERSION = YES;
				CLANG_WARN_INFINITE_RECURSION = YES;
				CLANG_WARN_INT_CONVERSION = YES;
				CLANG_WARN_NON_LITERAL_NULL_CONVERSION = YES;
				CLANG_WARN_OBJC_IMPLICIT_RETAIN_SELF = YES;
				CLANG_WARN_OBJC_LITERAL_CONVERSION = YES;
				CLANG_WARN_OBJC_ROOT_CLASS = YES_ERROR;
				CLANG_WARN_QUOTED_INCLUDE_IN_FRAMEWORK_HEADER = YES;
				CLANG_WARN_RANGE_LOOP_ANALYSIS = YES;
				CLANG_WARN_STRICT_PROTOTYPES = YES;
				CLANG_WARN_SUSPICIOUS_MOVE = YES;
				CLANG_WARN_UNGUARDED_AVAILABILITY = YES_AGGRESSIVE;
				CLANG_WARN_UNREACHABLE_CODE = YES;
				CLANG_WARN__DUPLICATE_METHOD_MATCH = YES;
				COPY_PHASE_STRIP = NO;
				DEBUG_INFORMATION_FORMAT = "dwarf-with-dsym";
				ENABLE_NS_ASSERTIONS = NO;
				ENABLE_STRICT_OBJC_MSGSEND = YES;
				GCC_C_LANGUAGE_STANDARD = gnu11;
				GCC_NO_COMMON_BLOCKS = YES;
				GCC_WARN_64_TO_32_BIT_CONVERSION = YES;
				GCC_WARN_ABOUT_RETURN_TYPE = YES_ERROR;
				GCC_WARN_UNDECLARED_SELECTOR = YES;
				GCC_WARN_UNINITIALIZED_AUTOS = YES_AGGRESSIVE;
				GCC_WARN_UNUSED_FUNCTION = YES;
				GCC_WARN_UNUSED_VARIABLE = YES;
				IPHONEOS_DEPLOYMENT_TARGET = 16.2;
				MTL_ENABLE_DEBUG_INFO = NO;
				MTL_FAST_MATH = YES;
				SDKROOT = iphoneos;
				SWIFT_COMPILATION_MODE = wholemodule;
				SWIFT_OPTIMIZATION_LEVEL = "-O";
				VALIDATE_PRODUCT = YES;
			};
			name = Release;
		};
		740D5DE22C1E11D800523879 /* Debug */ = {
			isa = XCBuildConfiguration;
			buildSettings = {
				ASSETCATALOG_COMPILER_APPICON_NAME = AppIcon;
				ASSETCATALOG_COMPILER_GLOBAL_ACCENT_COLOR_NAME = AccentColor;
				CODE_SIGN_STYLE = Automatic;
				CURRENT_PROJECT_VERSION = 1;
				DEVELOPMENT_TEAM = YJ677YZM59;
				GENERATE_INFOPLIST_FILE = YES;
				INFOPLIST_FILE = Tracker/Info.plist;
				INFOPLIST_KEY_UIApplicationSupportsIndirectInputEvents = YES;
				INFOPLIST_KEY_UILaunchStoryboardName = LaunchScreen.storyboard;
				INFOPLIST_KEY_UISupportedInterfaceOrientations = UIInterfaceOrientationPortrait;
				INFOPLIST_KEY_UISupportedInterfaceOrientations_iPad = "UIInterfaceOrientationLandscapeLeft UIInterfaceOrientationLandscapeRight UIInterfaceOrientationPortrait UIInterfaceOrientationPortraitUpsideDown";
				IPHONEOS_DEPLOYMENT_TARGET = 13.4;
				LD_RUNPATH_SEARCH_PATHS = (
					"$(inherited)",
					"@executable_path/Frameworks",
				);
				MARKETING_VERSION = 1.0;
				PRODUCT_BUNDLE_IDENTIFIER = LightKrite.Tracker;
				PRODUCT_NAME = "$(TARGET_NAME)";
				SUPPORTED_PLATFORMS = "iphoneos iphonesimulator";
				SUPPORTS_MACCATALYST = NO;
				SUPPORTS_MAC_DESIGNED_FOR_IPHONE_IPAD = NO;
				SWIFT_EMIT_LOC_STRINGS = YES;
				SWIFT_VERSION = 5.0;
				TARGETED_DEVICE_FAMILY = 1;
			};
			name = Debug;
		};
		740D5DE32C1E11D800523879 /* Release */ = {
			isa = XCBuildConfiguration;
			buildSettings = {
				ASSETCATALOG_COMPILER_APPICON_NAME = AppIcon;
				ASSETCATALOG_COMPILER_GLOBAL_ACCENT_COLOR_NAME = AccentColor;
				CODE_SIGN_STYLE = Automatic;
				CURRENT_PROJECT_VERSION = 1;
				DEVELOPMENT_TEAM = YJ677YZM59;
				GENERATE_INFOPLIST_FILE = YES;
				INFOPLIST_FILE = Tracker/Info.plist;
				INFOPLIST_KEY_UIApplicationSupportsIndirectInputEvents = YES;
				INFOPLIST_KEY_UILaunchStoryboardName = LaunchScreen.storyboard;
				INFOPLIST_KEY_UISupportedInterfaceOrientations = UIInterfaceOrientationPortrait;
				INFOPLIST_KEY_UISupportedInterfaceOrientations_iPad = "UIInterfaceOrientationLandscapeLeft UIInterfaceOrientationLandscapeRight UIInterfaceOrientationPortrait UIInterfaceOrientationPortraitUpsideDown";
				IPHONEOS_DEPLOYMENT_TARGET = 13.4;
				LD_RUNPATH_SEARCH_PATHS = (
					"$(inherited)",
					"@executable_path/Frameworks",
				);
				MARKETING_VERSION = 1.0;
				PRODUCT_BUNDLE_IDENTIFIER = LightKrite.Tracker;
				PRODUCT_NAME = "$(TARGET_NAME)";
				SUPPORTED_PLATFORMS = "iphoneos iphonesimulator";
				SUPPORTS_MACCATALYST = NO;
				SUPPORTS_MAC_DESIGNED_FOR_IPHONE_IPAD = NO;
				SWIFT_EMIT_LOC_STRINGS = YES;
				SWIFT_VERSION = 5.0;
				TARGETED_DEVICE_FAMILY = 1;
			};
			name = Release;
		};
/* End XCBuildConfiguration section */

/* Begin XCConfigurationList section */
		740D5DC82C1E11D500523879 /* Build configuration list for PBXProject "Tracker" */ = {
			isa = XCConfigurationList;
			buildConfigurations = (
				740D5DDF2C1E11D800523879 /* Debug */,
				740D5DE02C1E11D800523879 /* Release */,
			);
			defaultConfigurationIsVisible = 0;
			defaultConfigurationName = Release;
		};
		740D5DE12C1E11D800523879 /* Build configuration list for PBXNativeTarget "Tracker" */ = {
			isa = XCConfigurationList;
			buildConfigurations = (
				740D5DE22C1E11D800523879 /* Debug */,
				740D5DE32C1E11D800523879 /* Release */,
			);
			defaultConfigurationIsVisible = 0;
			defaultConfigurationName = Release;
		};
/* End XCConfigurationList section */
	};
	rootObject = 740D5DC52C1E11D500523879 /* Project object */;
}
